// !$*UTF8*$!
{
	archiveVersion = 1;
	classes = {
	};
	objectVersion = 56;
	objects = {

/* Begin PBXBuildFile section */
		7C4076BB2CDA73EB00CF7E9D /* user_AW109.pdf in Resources */ = {isa = PBXBuildFile; fileRef = 7C4076BA2CDA73EB00CF7E9D /* user_AW109.pdf */; };
		7C4076BE2CDA855900CF7E9D /* ImgVC.m in Sources */ = {isa = PBXBuildFile; fileRef = 7C4076BD2CDA855900CF7E9D /* ImgVC.m */; };
		7C4076C22CDA889400CF7E9D /* LineSegObj.m in Sources */ = {isa = PBXBuildFile; fileRef = 7C4076C12CDA889400CF7E9D /* LineSegObj.m */; };
		7C4076C52CDA8F1B00CF7E9D /* AircraftImageView.m in Sources */ = {isa = PBXBuildFile; fileRef = 7C4076C42CDA8F1B00CF7E9D /* AircraftImageView.m */; };
		FC6BD3FF2CD9059600A71251 /* AppDelegate.m in Sources */ = {isa = PBXBuildFile; fileRef = FC6BD3FE2CD9059600A71251 /* AppDelegate.m */; };
		FC6BD4022CD9059600A71251 /* ViewController.m in Sources */ = {isa = PBXBuildFile; fileRef = FC6BD4012CD9059600A71251 /* ViewController.m */; };
		FC6BD4042CD9059700A71251 /* Assets.xcassets in Resources */ = {isa = PBXBuildFile; fileRef = FC6BD4032CD9059700A71251 /* Assets.xcassets */; };
		FC6BD4072CD9059800A71251 /* Main.storyboard in Resources */ = {isa = PBXBuildFile; fileRef = FC6BD4052CD9059800A71251 /* Main.storyboard */; };
		FC6BD4092CD9059800A71251 /* main.m in Sources */ = {isa = PBXBuildFile; fileRef = FC6BD4082CD9059800A71251 /* main.m */; };
		FC6BD4162CD912B800A71251 /* AircraftCGPath.m in Sources */ = {isa = PBXBuildFile; fileRef = FC6BD4122CD912B700A71251 /* AircraftCGPath.m */; };
		FC6BD4172CD912B800A71251 /* AircraftPathView.m in Sources */ = {isa = PBXBuildFile; fileRef = FC6BD4132CD912B800A71251 /* AircraftPathView.m */; };
		FC6BD4182CD912B800A71251 /* CGPathTransformer.m in Sources */ = {isa = PBXBuildFile; fileRef = FC6BD4152CD912B800A71251 /* CGPathTransformer.m */; };
		FC6BD41B2CD9603300A71251 /* PDFExtractViewController.m in Sources */ = {isa = PBXBuildFile; fileRef = FC6BD41A2CD9603300A71251 /* PDFExtractViewController.m */; };
		FC6BD4442CDCFBDD00A71251 /* PDFDrawVC.m in Sources */ = {isa = PBXBuildFile; fileRef = FC6BD4432CDCFBDD00A71251 /* PDFDrawVC.m */; };
		FC6BD4462CDD31FB00A71251 /* DM_SimpleAirplaine.pdf in Resources */ = {isa = PBXBuildFile; fileRef = FC6BD4452CDD31FA00A71251 /* DM_SimpleAirplaine.pdf */; };
		FC6BD4532CDFAF4600A71251 /* FlightPath.m in Sources */ = {isa = PBXBuildFile; fileRef = FC6BD4522CDFAF4600A71251 /* FlightPath.m */; };
		FC6BD4552CDFB4D000A71251 /* ScratchSave in Resources */ = {isa = PBXBuildFile; fileRef = FC6BD4542CDFB4D000A71251 /* ScratchSave */; };
		FC6BD4582CE109CC00A71251 /* MultiViewController.m in Sources */ = {isa = PBXBuildFile; fileRef = FC6BD4572CE109CC00A71251 /* MultiViewController.m */; };
		FC6BD45B2CE11E5200A71251 /* CheckerBoardView.m in Sources */ = {isa = PBXBuildFile; fileRef = FC6BD45A2CE11E5200A71251 /* CheckerBoardView.m */; };
		FC6BD45E2CE11F8B00A71251 /* EasiestViewController.m in Sources */ = {isa = PBXBuildFile; fileRef = FC6BD45D2CE11F8B00A71251 /* EasiestViewController.m */; };
		FC6BD4632CE27F3E00A71251 /* RotatablePDFImageView.m in Sources */ = {isa = PBXBuildFile; fileRef = FC6BD4622CE27F3E00A71251 /* RotatablePDFImageView.m */; };
		FC6BD4662CE4DBA100A71251 /* UtilityMethods.m in Sources */ = {isa = PBXBuildFile; fileRef = FC6BD4652CE4DBA100A71251 /* UtilityMethods.m */; };
		FC6BD4692CE6290300A71251 /* PDFCheckerViewController.m in Sources */ = {isa = PBXBuildFile; fileRef = FC6BD4682CE6290300A71251 /* PDFCheckerViewController.m */; };
		FC7F58C52CE7901400A026C0 /* user_AC130.pdf in Resources */ = {isa = PBXBuildFile; fileRef = FC7F58C42CE7901400A026C0 /* user_AC130.pdf */; };
		FC91848B2CEF686000180E83 /* DM_AW109.pdf in Resources */ = {isa = PBXBuildFile; fileRef = FC91848A2CEF686000180E83 /* DM_AW109.pdf */; };
		FC91848D2CEF686C00180E83 /* DM_AC130.pdf in Resources */ = {isa = PBXBuildFile; fileRef = FC91848C2CEF686C00180E83 /* DM_AC130.pdf */; };
/* End PBXBuildFile section */

/* Begin PBXFileReference section */
		7C4076BA2CDA73EB00CF7E9D /* user_AW109.pdf */ = {isa = PBXFileReference; lastKnownFileType = image.pdf; path = user_AW109.pdf; sourceTree = "<group>"; };
		7C4076BC2CDA855900CF7E9D /* ImgVC.h */ = {isa = PBXFileReference; lastKnownFileType = sourcecode.c.h; path = ImgVC.h; sourceTree = "<group>"; };
		7C4076BD2CDA855900CF7E9D /* ImgVC.m */ = {isa = PBXFileReference; lastKnownFileType = sourcecode.c.objc; path = ImgVC.m; sourceTree = "<group>"; };
		7C4076C02CDA889400CF7E9D /* LineSegObj.h */ = {isa = PBXFileReference; lastKnownFileType = sourcecode.c.h; path = LineSegObj.h; sourceTree = "<group>"; };
		7C4076C12CDA889400CF7E9D /* LineSegObj.m */ = {isa = PBXFileReference; lastKnownFileType = sourcecode.c.objc; path = LineSegObj.m; sourceTree = "<group>"; };
		7C4076C32CDA8F1B00CF7E9D /* AircraftImageView.h */ = {isa = PBXFileReference; lastKnownFileType = sourcecode.c.h; path = AircraftImageView.h; sourceTree = "<group>"; };
		7C4076C42CDA8F1B00CF7E9D /* AircraftImageView.m */ = {isa = PBXFileReference; lastKnownFileType = sourcecode.c.objc; path = AircraftImageView.m; sourceTree = "<group>"; };
		FC6BD3FA2CD9059600A71251 /* AirplanePath.app */ = {isa = PBXFileReference; explicitFileType = wrapper.application; includeInIndex = 0; path = AirplanePath.app; sourceTree = BUILT_PRODUCTS_DIR; };
		FC6BD3FD2CD9059600A71251 /* AppDelegate.h */ = {isa = PBXFileReference; lastKnownFileType = sourcecode.c.h; path = AppDelegate.h; sourceTree = "<group>"; };
		FC6BD3FE2CD9059600A71251 /* AppDelegate.m */ = {isa = PBXFileReference; lastKnownFileType = sourcecode.c.objc; path = AppDelegate.m; sourceTree = "<group>"; };
		FC6BD4002CD9059600A71251 /* ViewController.h */ = {isa = PBXFileReference; lastKnownFileType = sourcecode.c.h; path = ViewController.h; sourceTree = "<group>"; };
		FC6BD4012CD9059600A71251 /* ViewController.m */ = {isa = PBXFileReference; lastKnownFileType = sourcecode.c.objc; path = ViewController.m; sourceTree = "<group>"; };
		FC6BD4032CD9059700A71251 /* Assets.xcassets */ = {isa = PBXFileReference; lastKnownFileType = folder.assetcatalog; path = Assets.xcassets; sourceTree = "<group>"; };
		FC6BD4062CD9059800A71251 /* Base */ = {isa = PBXFileReference; lastKnownFileType = file.storyboard; name = Base; path = Base.lproj/Main.storyboard; sourceTree = "<group>"; };
		FC6BD4082CD9059800A71251 /* main.m */ = {isa = PBXFileReference; lastKnownFileType = sourcecode.c.objc; path = main.m; sourceTree = "<group>"; };
		FC6BD40A2CD9059800A71251 /* AirplanePath.entitlements */ = {isa = PBXFileReference; lastKnownFileType = text.plist.entitlements; path = AirplanePath.entitlements; sourceTree = "<group>"; };
		FC6BD4102CD912B700A71251 /* AircraftPathView.h */ = {isa = PBXFileReference; fileEncoding = 4; lastKnownFileType = sourcecode.c.h; path = AircraftPathView.h; sourceTree = "<group>"; };
		FC6BD4112CD912B700A71251 /* AircraftCGPath.h */ = {isa = PBXFileReference; fileEncoding = 4; lastKnownFileType = sourcecode.c.h; path = AircraftCGPath.h; sourceTree = "<group>"; };
		FC6BD4122CD912B700A71251 /* AircraftCGPath.m */ = {isa = PBXFileReference; fileEncoding = 4; lastKnownFileType = sourcecode.c.objc; path = AircraftCGPath.m; sourceTree = "<group>"; };
		FC6BD4132CD912B800A71251 /* AircraftPathView.m */ = {isa = PBXFileReference; fileEncoding = 4; lastKnownFileType = sourcecode.c.objc; path = AircraftPathView.m; sourceTree = "<group>"; };
		FC6BD4142CD912B800A71251 /* CGPathTransformer.h */ = {isa = PBXFileReference; fileEncoding = 4; lastKnownFileType = sourcecode.c.h; path = CGPathTransformer.h; sourceTree = "<group>"; };
		FC6BD4152CD912B800A71251 /* CGPathTransformer.m */ = {isa = PBXFileReference; fileEncoding = 4; lastKnownFileType = sourcecode.c.objc; path = CGPathTransformer.m; sourceTree = "<group>"; };
		FC6BD4192CD9603300A71251 /* PDFExtractViewController.h */ = {isa = PBXFileReference; lastKnownFileType = sourcecode.c.h; path = PDFExtractViewController.h; sourceTree = "<group>"; };
		FC6BD41A2CD9603300A71251 /* PDFExtractViewController.m */ = {isa = PBXFileReference; lastKnownFileType = sourcecode.c.objc; path = PDFExtractViewController.m; sourceTree = "<group>"; };
		FC6BD4422CDCFBDD00A71251 /* PDFDrawVC.h */ = {isa = PBXFileReference; lastKnownFileType = sourcecode.c.h; path = PDFDrawVC.h; sourceTree = "<group>"; };
		FC6BD4432CDCFBDD00A71251 /* PDFDrawVC.m */ = {isa = PBXFileReference; lastKnownFileType = sourcecode.c.objc; path = PDFDrawVC.m; sourceTree = "<group>"; };
		FC6BD4452CDD31FA00A71251 /* DM_SimpleAirplaine.pdf */ = {isa = PBXFileReference; lastKnownFileType = image.pdf; path = DM_SimpleAirplaine.pdf; sourceTree = "<group>"; };
		FC6BD4512CDFAF4600A71251 /* FlightPath.h */ = {isa = PBXFileReference; lastKnownFileType = sourcecode.c.h; path = FlightPath.h; sourceTree = "<group>"; };
		FC6BD4522CDFAF4600A71251 /* FlightPath.m */ = {isa = PBXFileReference; lastKnownFileType = sourcecode.c.objc; path = FlightPath.m; sourceTree = "<group>"; };
		FC6BD4542CDFB4D000A71251 /* ScratchSave */ = {isa = PBXFileReference; lastKnownFileType = text; path = ScratchSave; sourceTree = "<group>"; };
		FC6BD4562CE109CC00A71251 /* MultiViewController.h */ = {isa = PBXFileReference; lastKnownFileType = sourcecode.c.h; path = MultiViewController.h; sourceTree = "<group>"; };
		FC6BD4572CE109CC00A71251 /* MultiViewController.m */ = {isa = PBXFileReference; lastKnownFileType = sourcecode.c.objc; path = MultiViewController.m; sourceTree = "<group>"; };
		FC6BD4592CE11E5200A71251 /* CheckerBoardView.h */ = {isa = PBXFileReference; lastKnownFileType = sourcecode.c.h; path = CheckerBoardView.h; sourceTree = "<group>"; };
		FC6BD45A2CE11E5200A71251 /* CheckerBoardView.m */ = {isa = PBXFileReference; lastKnownFileType = sourcecode.c.objc; path = CheckerBoardView.m; sourceTree = "<group>"; };
		FC6BD45C2CE11F8B00A71251 /* EasiestViewController.h */ = {isa = PBXFileReference; lastKnownFileType = sourcecode.c.h; path = EasiestViewController.h; sourceTree = "<group>"; };
		FC6BD45D2CE11F8B00A71251 /* EasiestViewController.m */ = {isa = PBXFileReference; lastKnownFileType = sourcecode.c.objc; path = EasiestViewController.m; sourceTree = "<group>"; };
		FC6BD4612CE27F3E00A71251 /* RotatablePDFImageView.h */ = {isa = PBXFileReference; lastKnownFileType = sourcecode.c.h; path = RotatablePDFImageView.h; sourceTree = "<group>"; };
		FC6BD4622CE27F3E00A71251 /* RotatablePDFImageView.m */ = {isa = PBXFileReference; lastKnownFileType = sourcecode.c.objc; path = RotatablePDFImageView.m; sourceTree = "<group>"; };
		FC6BD4642CE4DBA100A71251 /* UtilityMethods.h */ = {isa = PBXFileReference; lastKnownFileType = sourcecode.c.h; path = UtilityMethods.h; sourceTree = "<group>"; };
		FC6BD4652CE4DBA100A71251 /* UtilityMethods.m */ = {isa = PBXFileReference; lastKnownFileType = sourcecode.c.objc; path = UtilityMethods.m; sourceTree = "<group>"; };
		FC6BD4672CE6290300A71251 /* PDFCheckerViewController.h */ = {isa = PBXFileReference; lastKnownFileType = sourcecode.c.h; path = PDFCheckerViewController.h; sourceTree = "<group>"; };
		FC6BD4682CE6290300A71251 /* PDFCheckerViewController.m */ = {isa = PBXFileReference; lastKnownFileType = sourcecode.c.objc; path = PDFCheckerViewController.m; sourceTree = "<group>"; };
		FC7F58C42CE7901400A026C0 /* user_AC130.pdf */ = {isa = PBXFileReference; lastKnownFileType = image.pdf; path = user_AC130.pdf; sourceTree = "<group>"; };
		FC91848A2CEF686000180E83 /* DM_AW109.pdf */ = {isa = PBXFileReference; lastKnownFileType = image.pdf; path = DM_AW109.pdf; sourceTree = "<group>"; };
		FC91848C2CEF686C00180E83 /* DM_AC130.pdf */ = {isa = PBXFileReference; lastKnownFileType = image.pdf; path = DM_AC130.pdf; sourceTree = "<group>"; };
/* End PBXFileReference section */

/* Begin PBXFrameworksBuildPhase section */
		FC6BD3F72CD9059600A71251 /* Frameworks */ = {
			isa = PBXFrameworksBuildPhase;
			buildActionMask = 2147483647;
			files = (
			);
			runOnlyForDeploymentPostprocessing = 0;
		};
/* End PBXFrameworksBuildPhase section */

/* Begin PBXGroup section */
		FC6BD3F12CD9059600A71251 = {
			isa = PBXGroup;
			children = (
				FC6BD3FC2CD9059600A71251 /* AirplanePath */,
				FC6BD3FB2CD9059600A71251 /* Products */,
			);
			sourceTree = "<group>";
		};
		FC6BD3FB2CD9059600A71251 /* Products */ = {
			isa = PBXGroup;
			children = (
				FC6BD3FA2CD9059600A71251 /* AirplanePath.app */,
			);
			name = Products;
			sourceTree = "<group>";
		};
		FC6BD3FC2CD9059600A71251 /* AirplanePath */ = {
			isa = PBXGroup;
			children = (
				FC6BD3FD2CD9059600A71251 /* AppDelegate.h */,
				FC6BD3FE2CD9059600A71251 /* AppDelegate.m */,
				FC6BD4002CD9059600A71251 /* ViewController.h */,
				FC6BD4012CD9059600A71251 /* ViewController.m */,
				7C4076C02CDA889400CF7E9D /* LineSegObj.h */,
				7C4076C12CDA889400CF7E9D /* LineSegObj.m */,
				FC6BD4512CDFAF4600A71251 /* FlightPath.h */,
				FC6BD4522CDFAF4600A71251 /* FlightPath.m */,
				FC6BD4112CD912B700A71251 /* AircraftCGPath.h */,
				FC6BD4122CD912B700A71251 /* AircraftCGPath.m */,
				FC6BD4102CD912B700A71251 /* AircraftPathView.h */,
				FC6BD4132CD912B800A71251 /* AircraftPathView.m */,
				FC6BD4142CD912B800A71251 /* CGPathTransformer.h */,
				FC6BD4152CD912B800A71251 /* CGPathTransformer.m */,
				FC6BD4192CD9603300A71251 /* PDFExtractViewController.h */,
				FC6BD41A2CD9603300A71251 /* PDFExtractViewController.m */,
				7C4076BC2CDA855900CF7E9D /* ImgVC.h */,
				7C4076BD2CDA855900CF7E9D /* ImgVC.m */,
				FC6BD4422CDCFBDD00A71251 /* PDFDrawVC.h */,
				FC6BD4432CDCFBDD00A71251 /* PDFDrawVC.m */,
				7C4076C32CDA8F1B00CF7E9D /* AircraftImageView.h */,
				7C4076C42CDA8F1B00CF7E9D /* AircraftImageView.m */,
				FC6BD4562CE109CC00A71251 /* MultiViewController.h */,
				FC6BD4572CE109CC00A71251 /* MultiViewController.m */,
				FC6BD4592CE11E5200A71251 /* CheckerBoardView.h */,
				FC6BD45A2CE11E5200A71251 /* CheckerBoardView.m */,
				FC6BD45C2CE11F8B00A71251 /* EasiestViewController.h */,
				FC6BD45D2CE11F8B00A71251 /* EasiestViewController.m */,
				FC6BD4612CE27F3E00A71251 /* RotatablePDFImageView.h */,
				FC6BD4622CE27F3E00A71251 /* RotatablePDFImageView.m */,
				FC6BD4642CE4DBA100A71251 /* UtilityMethods.h */,
				FC6BD4652CE4DBA100A71251 /* UtilityMethods.m */,
				FC6BD4672CE6290300A71251 /* PDFCheckerViewController.h */,
				FC6BD4682CE6290300A71251 /* PDFCheckerViewController.m */,
				FC6BD4542CDFB4D000A71251 /* ScratchSave */,
				FC6BD4032CD9059700A71251 /* Assets.xcassets */,
				FC6BD4052CD9059800A71251 /* Main.storyboard */,
				FC6BD4082CD9059800A71251 /* main.m */,
				FC6BD40A2CD9059800A71251 /* AirplanePath.entitlements */,
				FC6BD4452CDD31FA00A71251 /* DM_SimpleAirplaine.pdf */,
				FC91848A2CEF686000180E83 /* DM_AW109.pdf */,
				FC91848C2CEF686C00180E83 /* DM_AC130.pdf */,
				7C4076BA2CDA73EB00CF7E9D /* user_AW109.pdf */,
				FC7F58C42CE7901400A026C0 /* user_AC130.pdf */,
			);
			path = AirplanePath;
			sourceTree = "<group>";
		};
/* End PBXGroup section */

/* Begin PBXNativeTarget section */
		FC6BD3F92CD9059600A71251 /* AirplanePath */ = {
			isa = PBXNativeTarget;
			buildConfigurationList = FC6BD40D2CD9059800A71251 /* Build configuration list for PBXNativeTarget "AirplanePath" */;
			buildPhases = (
				FC6BD3F62CD9059600A71251 /* Sources */,
				FC6BD3F72CD9059600A71251 /* Frameworks */,
				FC6BD3F82CD9059600A71251 /* Resources */,
			);
			buildRules = (
			);
			dependencies = (
			);
			name = AirplanePath;
			productName = AirplanePath;
			productReference = FC6BD3FA2CD9059600A71251 /* AirplanePath.app */;
			productType = "com.apple.product-type.application";
		};
/* End PBXNativeTarget section */

/* Begin PBXProject section */
		FC6BD3F22CD9059600A71251 /* Project object */ = {
			isa = PBXProject;
			attributes = {
				BuildIndependentTargetsInParallel = 1;
				LastUpgradeCheck = 1500;
				TargetAttributes = {
					FC6BD3F92CD9059600A71251 = {
						CreatedOnToolsVersion = 15.0;
					};
				};
			};
			buildConfigurationList = FC6BD3F52CD9059600A71251 /* Build configuration list for PBXProject "AirplanePath" */;
			compatibilityVersion = "Xcode 14.0";
			developmentRegion = en;
			hasScannedForEncodings = 0;
			knownRegions = (
				en,
				Base,
			);
			mainGroup = FC6BD3F12CD9059600A71251;
			productRefGroup = FC6BD3FB2CD9059600A71251 /* Products */;
			projectDirPath = "";
			projectRoot = "";
			targets = (
				FC6BD3F92CD9059600A71251 /* AirplanePath */,
			);
		};
/* End PBXProject section */

/* Begin PBXResourcesBuildPhase section */
		FC6BD3F82CD9059600A71251 /* Resources */ = {
			isa = PBXResourcesBuildPhase;
			buildActionMask = 2147483647;
			files = (
				FC6BD4462CDD31FB00A71251 /* DM_SimpleAirplaine.pdf in Resources */,
				7C4076BB2CDA73EB00CF7E9D /* user_AW109.pdf in Resources */,
				FC6BD4042CD9059700A71251 /* Assets.xcassets in Resources */,
				FC6BD4552CDFB4D000A71251 /* ScratchSave in Resources */,
				FC6BD4072CD9059800A71251 /* Main.storyboard in Resources */,
				FC91848B2CEF686000180E83 /* DM_AW109.pdf in Resources */,
				FC7F58C52CE7901400A026C0 /* user_AC130.pdf in Resources */,
				FC91848D2CEF686C00180E83 /* DM_AC130.pdf in Resources */,
			);
			runOnlyForDeploymentPostprocessing = 0;
		};
/* End PBXResourcesBuildPhase section */

/* Begin PBXSourcesBuildPhase section */
		FC6BD3F62CD9059600A71251 /* Sources */ = {
			isa = PBXSourcesBuildPhase;
			buildActionMask = 2147483647;
			files = (
				7C4076BE2CDA855900CF7E9D /* ImgVC.m in Sources */,
				FC6BD4022CD9059600A71251 /* ViewController.m in Sources */,
				FC6BD4162CD912B800A71251 /* AircraftCGPath.m in Sources */,
				FC6BD4092CD9059800A71251 /* main.m in Sources */,
				FC6BD41B2CD9603300A71251 /* PDFExtractViewController.m in Sources */,
				FC6BD4692CE6290300A71251 /* PDFCheckerViewController.m in Sources */,
				FC6BD4662CE4DBA100A71251 /* UtilityMethods.m in Sources */,
				FC6BD4172CD912B800A71251 /* AircraftPathView.m in Sources */,
				7C4076C52CDA8F1B00CF7E9D /* AircraftImageView.m in Sources */,
				FC6BD4532CDFAF4600A71251 /* FlightPath.m in Sources */,
				FC6BD4442CDCFBDD00A71251 /* PDFDrawVC.m in Sources */,
				FC6BD45B2CE11E5200A71251 /* CheckerBoardView.m in Sources */,
				FC6BD4182CD912B800A71251 /* CGPathTransformer.m in Sources */,
				FC6BD3FF2CD9059600A71251 /* AppDelegate.m in Sources */,
				FC6BD4582CE109CC00A71251 /* MultiViewController.m in Sources */,
				7C4076C22CDA889400CF7E9D /* LineSegObj.m in Sources */,
				FC6BD45E2CE11F8B00A71251 /* EasiestViewController.m in Sources */,
				FC6BD4632CE27F3E00A71251 /* RotatablePDFImageView.m in Sources */,
			);
			runOnlyForDeploymentPostprocessing = 0;
		};
/* End PBXSourcesBuildPhase section */

/* Begin PBXVariantGroup section */
		FC6BD4052CD9059800A71251 /* Main.storyboard */ = {
			isa = PBXVariantGroup;
			children = (
				FC6BD4062CD9059800A71251 /* Base */,
			);
			name = Main.storyboard;
			sourceTree = "<group>";
		};
/* End PBXVariantGroup section */

/* Begin XCBuildConfiguration section */
		FC6BD40B2CD9059800A71251 /* Debug */ = {
			isa = XCBuildConfiguration;
			buildSettings = {
				ALWAYS_SEARCH_USER_PATHS = NO;
				ASSETCATALOG_COMPILER_GENERATE_SWIFT_ASSET_SYMBOL_EXTENSIONS = YES;
				CLANG_ANALYZER_NONNULL = YES;
				CLANG_ANALYZER_NUMBER_OBJECT_CONVERSION = YES_AGGRESSIVE;
				CLANG_CXX_LANGUAGE_STANDARD = "gnu++20";
				CLANG_ENABLE_MODULES = YES;
				CLANG_ENABLE_OBJC_ARC = YES;
				CLANG_ENABLE_OBJC_WEAK = YES;
				CLANG_WARN_BLOCK_CAPTURE_AUTORELEASING = YES;
				CLANG_WARN_BOOL_CONVERSION = YES;
				CLANG_WARN_COMMA = YES;
				CLANG_WARN_CONSTANT_CONVERSION = YES;
				CLANG_WARN_DEPRECATED_OBJC_IMPLEMENTATIONS = YES;
				CLANG_WARN_DIRECT_OBJC_ISA_USAGE = YES_ERROR;
				CLANG_WARN_DOCUMENTATION_COMMENTS = YES;
				CLANG_WARN_EMPTY_BODY = YES;
				CLANG_WARN_ENUM_CONVERSION = YES;
				CLANG_WARN_INFINITE_RECURSION = YES;
				CLANG_WARN_INT_CONVERSION = YES;
				CLANG_WARN_NON_LITERAL_NULL_CONVERSION = YES;
				CLANG_WARN_OBJC_IMPLICIT_RETAIN_SELF = YES;
				CLANG_WARN_OBJC_LITERAL_CONVERSION = YES;
				CLANG_WARN_OBJC_ROOT_CLASS = YES_ERROR;
				CLANG_WARN_QUOTED_INCLUDE_IN_FRAMEWORK_HEADER = YES;
				CLANG_WARN_RANGE_LOOP_ANALYSIS = YES;
				CLANG_WARN_STRICT_PROTOTYPES = YES;
				CLANG_WARN_SUSPICIOUS_MOVE = YES;
				CLANG_WARN_UNGUARDED_AVAILABILITY = YES_AGGRESSIVE;
				CLANG_WARN_UNREACHABLE_CODE = YES;
				CLANG_WARN__DUPLICATE_METHOD_MATCH = YES;
				COPY_PHASE_STRIP = NO;
				DEBUG_INFORMATION_FORMAT = dwarf;
				ENABLE_STRICT_OBJC_MSGSEND = YES;
				ENABLE_TESTABILITY = YES;
				ENABLE_USER_SCRIPT_SANDBOXING = YES;
				GCC_C_LANGUAGE_STANDARD = gnu17;
				GCC_DYNAMIC_NO_PIC = NO;
				GCC_NO_COMMON_BLOCKS = YES;
				GCC_OPTIMIZATION_LEVEL = 0;
				GCC_PREPROCESSOR_DEFINITIONS = (
					"DEBUG=1",
					"$(inherited)",
				);
				GCC_WARN_64_TO_32_BIT_CONVERSION = YES;
				GCC_WARN_ABOUT_RETURN_TYPE = YES_ERROR;
				GCC_WARN_UNDECLARED_SELECTOR = YES;
				GCC_WARN_UNINITIALIZED_AUTOS = YES_AGGRESSIVE;
				GCC_WARN_UNUSED_FUNCTION = YES;
				GCC_WARN_UNUSED_VARIABLE = YES;
				LOCALIZATION_PREFERS_STRING_CATALOGS = YES;
				MACOSX_DEPLOYMENT_TARGET = 13.6;
				MTL_ENABLE_DEBUG_INFO = INCLUDE_SOURCE;
				MTL_FAST_MATH = YES;
				ONLY_ACTIVE_ARCH = YES;
				SDKROOT = macosx;
			};
			name = Debug;
		};
		FC6BD40C2CD9059800A71251 /* Release */ = {
			isa = XCBuildConfiguration;
			buildSettings = {
				ALWAYS_SEARCH_USER_PATHS = NO;
				ASSETCATALOG_COMPILER_GENERATE_SWIFT_ASSET_SYMBOL_EXTENSIONS = YES;
				CLANG_ANALYZER_NONNULL = YES;
				CLANG_ANALYZER_NUMBER_OBJECT_CONVERSION = YES_AGGRESSIVE;
				CLANG_CXX_LANGUAGE_STANDARD = "gnu++20";
				CLANG_ENABLE_MODULES = YES;
				CLANG_ENABLE_OBJC_ARC = YES;
				CLANG_ENABLE_OBJC_WEAK = YES;
				CLANG_WARN_BLOCK_CAPTURE_AUTORELEASING = YES;
				CLANG_WARN_BOOL_CONVERSION = YES;
				CLANG_WARN_COMMA = YES;
				CLANG_WARN_CONSTANT_CONVERSION = YES;
				CLANG_WARN_DEPRECATED_OBJC_IMPLEMENTATIONS = YES;
				CLANG_WARN_DIRECT_OBJC_ISA_USAGE = YES_ERROR;
				CLANG_WARN_DOCUMENTATION_COMMENTS = YES;
				CLANG_WARN_EMPTY_BODY = YES;
				CLANG_WARN_ENUM_CONVERSION = YES;
				CLANG_WARN_INFINITE_RECURSION = YES;
				CLANG_WARN_INT_CONVERSION = YES;
				CLANG_WARN_NON_LITERAL_NULL_CONVERSION = YES;
				CLANG_WARN_OBJC_IMPLICIT_RETAIN_SELF = YES;
				CLANG_WARN_OBJC_LITERAL_CONVERSION = YES;
				CLANG_WARN_OBJC_ROOT_CLASS = YES_ERROR;
				CLANG_WARN_QUOTED_INCLUDE_IN_FRAMEWORK_HEADER = YES;
				CLANG_WARN_RANGE_LOOP_ANALYSIS = YES;
				CLANG_WARN_STRICT_PROTOTYPES = YES;
				CLANG_WARN_SUSPICIOUS_MOVE = YES;
				CLANG_WARN_UNGUARDED_AVAILABILITY = YES_AGGRESSIVE;
				CLANG_WARN_UNREACHABLE_CODE = YES;
				CLANG_WARN__DUPLICATE_METHOD_MATCH = YES;
				COPY_PHASE_STRIP = NO;
				DEBUG_INFORMATION_FORMAT = "dwarf-with-dsym";
				ENABLE_NS_ASSERTIONS = NO;
				ENABLE_STRICT_OBJC_MSGSEND = YES;
				ENABLE_USER_SCRIPT_SANDBOXING = YES;
				GCC_C_LANGUAGE_STANDARD = gnu17;
				GCC_NO_COMMON_BLOCKS = YES;
				GCC_WARN_64_TO_32_BIT_CONVERSION = YES;
				GCC_WARN_ABOUT_RETURN_TYPE = YES_ERROR;
				GCC_WARN_UNDECLARED_SELECTOR = YES;
				GCC_WARN_UNINITIALIZED_AUTOS = YES_AGGRESSIVE;
				GCC_WARN_UNUSED_FUNCTION = YES;
				GCC_WARN_UNUSED_VARIABLE = YES;
				LOCALIZATION_PREFERS_STRING_CATALOGS = YES;
				MACOSX_DEPLOYMENT_TARGET = 13.6;
				MTL_ENABLE_DEBUG_INFO = NO;
				MTL_FAST_MATH = YES;
				SDKROOT = macosx;
			};
			name = Release;
		};
		FC6BD40E2CD9059800A71251 /* Debug */ = {
			isa = XCBuildConfiguration;
			buildSettings = {
				ASSETCATALOG_COMPILER_APPICON_NAME = AppIcon;
				ASSETCATALOG_COMPILER_GLOBAL_ACCENT_COLOR_NAME = AccentColor;
				CODE_SIGN_ENTITLEMENTS = AirplanePath/AirplanePath.entitlements;
				"CODE_SIGN_IDENTITY[sdk=macosx*]" = "-";
				CODE_SIGN_STYLE = Automatic;
				COMBINE_HIDPI_IMAGES = YES;
				CURRENT_PROJECT_VERSION = 1;
				DEVELOPMENT_TEAM = TD2383UF5W;
				GENERATE_INFOPLIST_FILE = YES;
				INFOPLIST_KEY_NSHumanReadableCopyright = "";
				INFOPLIST_KEY_NSMainStoryboardFile = Main;
				INFOPLIST_KEY_NSPrincipalClass = NSApplication;
				LD_RUNPATH_SEARCH_PATHS = (
					"$(inherited)",
					"@executable_path/../Frameworks",
				);
				MARKETING_VERSION = 1.0;
				PRODUCT_BUNDLE_IDENTIFIER = com.DonMag.AirplanePath;
				PRODUCT_NAME = "$(TARGET_NAME)";
				SWIFT_EMIT_LOC_STRINGS = YES;
			};
			name = Debug;
		};
		FC6BD40F2CD9059800A71251 /* Release */ = {
			isa = XCBuildConfiguration;
			buildSettings = {
				ASSETCATALOG_COMPILER_APPICON_NAME = AppIcon;
				ASSETCATALOG_COMPILER_GLOBAL_ACCENT_COLOR_NAME = AccentColor;
				CODE_SIGN_ENTITLEMENTS = AirplanePath/AirplanePath.entitlements;
				"CODE_SIGN_IDENTITY[sdk=macosx*]" = "-";
				CODE_SIGN_STYLE = Automatic;
				COMBINE_HIDPI_IMAGES = YES;
				CURRENT_PROJECT_VERSION = 1;
				DEVELOPMENT_TEAM = TD2383UF5W;
				GENERATE_INFOPLIST_FILE = YES;
				INFOPLIST_KEY_NSHumanReadableCopyright = "";
				INFOPLIST_KEY_NSMainStoryboardFile = Main;
				INFOPLIST_KEY_NSPrincipalClass = NSApplication;
				LD_RUNPATH_SEARCH_PATHS = (
					"$(inherited)",
					"@executable_path/../Frameworks",
				);
				MARKETING_VERSION = 1.0;
				PRODUCT_BUNDLE_IDENTIFIER = com.DonMag.AirplanePath;
				PRODUCT_NAME = "$(TARGET_NAME)";
				SWIFT_EMIT_LOC_STRINGS = YES;
			};
			name = Release;
		};
/* End XCBuildConfiguration section */

/* Begin XCConfigurationList section */
		FC6BD3F52CD9059600A71251 /* Build configuration list for PBXProject "AirplanePath" */ = {
			isa = XCConfigurationList;
			buildConfigurations = (
				FC6BD40B2CD9059800A71251 /* Debug */,
				FC6BD40C2CD9059800A71251 /* Release */,
			);
			defaultConfigurationIsVisible = 0;
			defaultConfigurationName = Release;
		};
		FC6BD40D2CD9059800A71251 /* Build configuration list for PBXNativeTarget "AirplanePath" */ = {
			isa = XCConfigurationList;
			buildConfigurations = (
				FC6BD40E2CD9059800A71251 /* Debug */,
				FC6BD40F2CD9059800A71251 /* Release */,
			);
			defaultConfigurationIsVisible = 0;
			defaultConfigurationName = Release;
		};
/* End XCConfigurationList section */
	};
	rootObject = FC6BD3F22CD9059600A71251 /* Project object */;
}
